
Microsoft Visual Studio Solution File, Format Version 12.00
# Visual Studio 15
VisualStudioVersion = 15.0.28307.421
MinimumVisualStudioVersion = 10.0.40219.1
Project("{FAE04EC0-301F-11D3-BF4B-00C04F79EFBC}") = "AgingMod", "AgingMod\AgingMod.csproj", "{4C807CE9-85D1-4458-B2AE-10410E59E433}"
EndProject
Global
	GlobalSection(SolutionConfigurationPlatforms) = preSolution
		Debug|Any CPU = Debug|Any CPU
		Release|Any CPU = Release|Any CPU
	EndGlobalSection
	GlobalSection(ProjectConfigurationPlatforms) = postSolution
		{4C807CE9-85D1-4458-B2AE-10410E59E433}.Debug|Any CPU.ActiveCfg = Debug|Any CPU
		{4C807CE9-85D1-4458-B2AE-10410E59E433}.Debug|Any CPU.Build.0 = Debug|Any CPU
		{4C807CE9-85D1-4458-B2AE-10410E59E433}.Release|Any CPU.ActiveCfg = Release|Any CPU
		{4C807CE9-85D1-4458-B2AE-10410E59E433}.Release|Any CPU.Build.0 = Release|Any CPU
	EndGlobalSection
	GlobalSection(SolutionProperties) = preSolution
		HideSolutionNode = FALSE
	EndGlobalSection
	GlobalSection(ExtensibilityGlobals) = postSolution
		SolutionGuid = {965F180F-75F5-43DF-A9B0-EFB6A4CA6AD9}
	EndGlobalSection
EndGlobal
